{
  "name": "autoskola-testy-client",
  "version": "0.0.1",
  "lockfileVersion": 1,
  "dependencies": {
    "highcharts": {
      "version": "5.0.11",
      "resolved": "https://registry.npmjs.org/highcharts/-/highcharts-5.0.11.tgz",
      "integrity": "sha1-yOfr5MtYTqmdET9/x5JbK5A5hFM="
    },
    "whatwg-fetch": {
      "version": "2.0.3",
      "resolved": "https://registry.npmjs.org/whatwg-fetch/-/whatwg-fetch-2.0.3.tgz",
      "integrity": "sha1-nITsLc9oGH/wC8ZOEnS0QhduHIQ="
    }
  }
}
